version: 6
environments:
  default:
    channels:
    - url: https://conda.modular.com/max-nightly/
    - url: https://conda.anaconda.org/conda-forge/
    packages:
      linux-64:
      - conda: https://conda.anaconda.org/conda-forge/linux-64/_libgcc_mutex-0.1-conda_forge.tar.bz2
      - conda: https://conda.anaconda.org/conda-forge/linux-64/_openmp_mutex-4.5-2_gnu.tar.bz2
      - conda: https://conda.anaconda.org/conda-forge/noarch/_python_abi3_support-1.0-hd8ed1ab_2.conda
      - conda: https://conda.anaconda.org/conda-forge/linux-64/bzip2-1.0.8-hda65f42_8.conda
      - conda: https://conda.anaconda.org/conda-forge/noarch/ca-certificates-2025.11.12-hbd8a1cb_0.conda
      - conda: https://conda.anaconda.org/conda-forge/noarch/click-8.3.0-pyh707e725_0.conda
      - conda: https://conda.anaconda.org/conda-forge/noarch/cpython-3.14.0-py314hd8ed1ab_102.conda
      - conda: https://conda.anaconda.org/conda-forge/linux-64/icu-75.1-he02047a_0.conda
      - conda: https://conda.anaconda.org/conda-forge/noarch/importlib-metadata-8.7.0-pyhe01879c_1.conda
      - conda: https://conda.anaconda.org/conda-forge/noarch/jupyter_client-8.6.3-pyhd8ed1ab_1.conda
      - conda: https://conda.anaconda.org/conda-forge/noarch/jupyter_core-5.9.1-pyhc90fa1f_0.conda
      - conda: https://conda.anaconda.org/conda-forge/linux-64/keyutils-1.6.3-hb9d3cd8_0.conda
      - conda: https://conda.anaconda.org/conda-forge/linux-64/krb5-1.21.3-h659f571_0.conda
      - conda: https://conda.anaconda.org/conda-forge/linux-64/lcms2-2.17-h717163a_0.conda
      - conda: https://conda.anaconda.org/conda-forge/linux-64/ld_impl_linux-64-2.44-h1aa0949_5.conda
      - conda: https://conda.anaconda.org/conda-forge/linux-64/lerc-4.0.0-h0aef613_1.conda
      - conda: https://conda.anaconda.org/conda-forge/linux-64/libdeflate-1.25-h17f619e_0.conda
      - conda: https://conda.anaconda.org/conda-forge/linux-64/libedit-3.1.20250104-pl5321h7949ede_0.conda
      - conda: https://conda.anaconda.org/conda-forge/linux-64/libexpat-2.7.1-hecca717_0.conda
      - conda: https://conda.anaconda.org/conda-forge/linux-64/libffi-3.5.2-h9ec8514_0.conda
      - conda: https://conda.anaconda.org/conda-forge/linux-64/libfreetype-2.14.1-ha770c72_0.conda
      - conda: https://conda.anaconda.org/conda-forge/linux-64/libfreetype6-2.14.1-h73754d4_0.conda
      - conda: https://conda.anaconda.org/conda-forge/linux-64/libgcc-15.2.0-h767d61c_7.conda
      - conda: https://conda.anaconda.org/conda-forge/linux-64/libgcc-ng-15.2.0-h69a702a_7.conda
      - conda: https://conda.anaconda.org/conda-forge/linux-64/libgomp-15.2.0-h767d61c_7.conda
      - conda: https://conda.anaconda.org/conda-forge/linux-64/libjpeg-turbo-3.1.2-hb03c661_0.conda
      - conda: https://conda.anaconda.org/conda-forge/linux-64/liblzma-5.8.1-hb9d3cd8_2.conda
      - conda: https://conda.anaconda.org/conda-forge/linux-64/libmpdec-4.0.0-hb9d3cd8_0.conda
      - conda: https://conda.anaconda.org/conda-forge/linux-64/libpng-1.6.50-h421ea60_1.conda
      - conda: https://conda.anaconda.org/conda-forge/linux-64/libsodium-1.0.20-h4ab18f5_0.conda
      - conda: https://conda.anaconda.org/conda-forge/linux-64/libsqlite-3.51.0-hee844dc_0.conda
      - conda: https://conda.anaconda.org/conda-forge/linux-64/libstdcxx-15.2.0-h8f9b012_7.conda
      - conda: https://conda.anaconda.org/conda-forge/linux-64/libstdcxx-ng-15.2.0-h4852527_7.conda
      - conda: https://conda.anaconda.org/conda-forge/linux-64/libtiff-4.7.1-h9d88235_1.conda
      - conda: https://conda.anaconda.org/conda-forge/linux-64/libuuid-2.41.2-he9a06e4_0.conda
      - conda: https://conda.anaconda.org/conda-forge/linux-64/libwebp-base-1.6.0-hd42ef1d_0.conda
      - conda: https://conda.anaconda.org/conda-forge/linux-64/libxcb-1.17.0-h8a09558_0.conda
      - conda: https://conda.anaconda.org/conda-forge/linux-64/libzlib-1.3.1-hb9d3cd8_2.conda
      - conda: https://conda.modular.com/max-nightly/noarch/mblack-25.7.0.dev2025111305-release.conda
      - conda: https://conda.modular.com/max-nightly/linux-64/mojo-0.25.7.0.dev2025111305-release.conda
      - conda: https://conda.modular.com/max-nightly/linux-64/mojo-compiler-0.25.7.0.dev2025111305-release.conda
      - conda: https://conda.modular.com/max-nightly/noarch/mojo-python-0.25.7.0.dev2025111305-release.conda
      - conda: https://conda.anaconda.org/conda-forge/noarch/mypy_extensions-1.1.0-pyha770c72_0.conda
      - conda: https://conda.anaconda.org/conda-forge/linux-64/ncurses-6.5-h2d0b736_3.conda
      - conda: https://conda.anaconda.org/conda-forge/linux-64/openjpeg-2.5.4-h55fea9a_0.conda
      - conda: https://conda.anaconda.org/conda-forge/linux-64/openssl-3.6.0-h26f9b46_0.conda
      - conda: https://conda.anaconda.org/conda-forge/noarch/packaging-25.0-pyh29332c3_1.conda
      - conda: https://conda.anaconda.org/conda-forge/noarch/pathspec-0.12.1-pyhd8ed1ab_1.conda
      - conda: https://conda.anaconda.org/conda-forge/linux-64/pillow-12.0.0-py314h72745e2_0.conda
      - conda: https://conda.anaconda.org/conda-forge/noarch/platformdirs-4.5.0-pyhcf101f3_0.conda
      - conda: https://conda.anaconda.org/conda-forge/linux-64/pthread-stubs-0.4-hb9d3cd8_1002.conda
      - conda: https://conda.anaconda.org/conda-forge/linux-64/python-3.14.0-h32b2ec7_102_cp314.conda
      - conda: https://conda.anaconda.org/conda-forge/noarch/python-dateutil-2.9.0.post0-pyhe01879c_2.conda
      - conda: https://conda.anaconda.org/conda-forge/noarch/python-gil-3.14.0-h4df99d1_102.conda
      - conda: https://conda.anaconda.org/conda-forge/noarch/python_abi-3.14-8_cp314.conda
      - conda: https://conda.anaconda.org/conda-forge/linux-64/pyzmq-27.1.0-py312hfb55c3c_0.conda
      - conda: https://conda.anaconda.org/conda-forge/linux-64/readline-8.2-h8c095d6_2.conda
      - conda: https://conda.anaconda.org/conda-forge/noarch/six-1.17.0-pyhe01879c_1.conda
      - conda: https://conda.anaconda.org/conda-forge/linux-64/tk-8.6.13-noxft_ha0e22de_103.conda
      - conda: https://conda.anaconda.org/conda-forge/noarch/tomli-2.3.0-pyhcf101f3_0.conda
      - conda: https://conda.anaconda.org/conda-forge/linux-64/tornado-6.5.2-py314h5bd0f2a_2.conda
      - conda: https://conda.anaconda.org/conda-forge/noarch/traitlets-5.14.3-pyhd8ed1ab_1.conda
      - conda: https://conda.anaconda.org/conda-forge/noarch/typing_extensions-4.15.0-pyhcf101f3_0.conda
      - conda: https://conda.anaconda.org/conda-forge/noarch/tzdata-2025b-h78e105d_0.conda
      - conda: https://conda.anaconda.org/conda-forge/linux-64/xorg-libxau-1.0.12-hb03c661_1.conda
      - conda: https://conda.anaconda.org/conda-forge/linux-64/xorg-libxdmcp-1.1.5-hb03c661_1.conda
      - conda: https://conda.anaconda.org/conda-forge/linux-64/zeromq-4.3.5-h387f397_9.conda
      - conda: https://conda.anaconda.org/conda-forge/noarch/zipp-3.23.0-pyhd8ed1ab_0.conda
      - conda: https://conda.anaconda.org/conda-forge/linux-64/zlib-ng-2.2.5-hde8ca8f_0.conda
      - conda: https://conda.anaconda.org/conda-forge/linux-64/zstd-1.5.7-hb8e6e7a_2.conda
packages:
- conda: https://conda.anaconda.org/conda-forge/linux-64/_libgcc_mutex-0.1-conda_forge.tar.bz2
  sha256: fe51de6107f9edc7aa4f786a70f4a883943bc9d39b3bb7307c04c41410990726
  md5: d7c89558ba9fa0495403155b64376d81
  license: None
  size: 2562
  timestamp: 1578324546067
- conda: https://conda.anaconda.org/conda-forge/linux-64/_openmp_mutex-4.5-2_gnu.tar.bz2
  build_number: 16
  sha256: fbe2c5e56a653bebb982eda4876a9178aedfc2b545f25d0ce9c4c0b508253d22
  md5: 73aaf86a425cc6e73fcf236a5a46396d
  depends:
  - _libgcc_mutex 0.1 conda_forge
  - libgomp >=7.5.0
  constrains:
  - openmp_impl 9999
  license: BSD-3-Clause
  license_family: BSD
  size: 23621
  timestamp: 1650670423406
- conda: https://conda.anaconda.org/conda-forge/noarch/_python_abi3_support-1.0-hd8ed1ab_2.conda
  sha256: a3967b937b9abf0f2a99f3173fa4630293979bd1644709d89580e7c62a544661
  md5: aaa2a381ccc56eac91d63b6c1240312f
  depends:
  - cpython
  - python-gil
  license: MIT
  license_family: MIT
  size: 8191
  timestamp: 1744137672556
- conda: https://conda.anaconda.org/conda-forge/linux-64/bzip2-1.0.8-hda65f42_8.conda
  sha256: c30daba32ddebbb7ded490f0e371eae90f51e72db620554089103b4a6934b0d5
  md5: 51a19bba1b8ebfb60df25cde030b7ebc
  depends:
  - __glibc >=2.17,<3.0.a0
  - libgcc >=14
  license: bzip2-1.0.6
  license_family: BSD
  size: 260341
  timestamp: 1757437258798
- conda: https://conda.anaconda.org/conda-forge/noarch/ca-certificates-2025.11.12-hbd8a1cb_0.conda
  sha256: b986ba796d42c9d3265602bc038f6f5264095702dd546c14bc684e60c385e773
  md5: f0991f0f84902f6b6009b4d2350a83aa
  depends:
  - __unix
  license: ISC
  size: 152432
  timestamp: 1762967197890
- conda: https://conda.anaconda.org/conda-forge/noarch/click-8.3.0-pyh707e725_0.conda
  sha256: c6567ebc27c4c071a353acaf93eb82bb6d9a6961e40692a359045a89a61d02c0
  md5: e76c4ba9e1837847679421b8d549b784
  depends:
  - __unix
  - python >=3.10
  license: BSD-3-Clause
  license_family: BSD
  size: 91622
  timestamp: 1758270534287
- conda: https://conda.anaconda.org/conda-forge/noarch/cpython-3.14.0-py314hd8ed1ab_102.conda
  noarch: generic
  sha256: 8e2a33b36d36820698840bf0c1ed50e5dd4bdeaa434c7b4f5e13d421225b0414
  md5: ff3061d315c4a988fa1c29c543800780
  depends:
  - python >=3.14,<3.15.0a0
  - python_abi * *_cp314
  license: Python-2.0
  size: 49003
  timestamp: 1761175499490
- conda: https://conda.anaconda.org/conda-forge/linux-64/icu-75.1-he02047a_0.conda
  sha256: 71e750d509f5fa3421087ba88ef9a7b9be11c53174af3aa4d06aff4c18b38e8e
  md5: 8b189310083baabfb622af68fd9d3ae3
  depends:
  - __glibc >=2.17,<3.0.a0
  - libgcc-ng >=12
  - libstdcxx-ng >=12
  license: MIT
  license_family: MIT
  size: 12129203
  timestamp: 1720853576813
- conda: https://conda.anaconda.org/conda-forge/noarch/importlib-metadata-8.7.0-pyhe01879c_1.conda
  sha256: c18ab120a0613ada4391b15981d86ff777b5690ca461ea7e9e49531e8f374745
  md5: 63ccfdc3a3ce25b027b8767eb722fca8
  depends:
  - python >=3.9
  - zipp >=3.20
  - python
  license: Apache-2.0
  license_family: APACHE
  size: 34641
  timestamp: 1747934053147
- conda: https://conda.anaconda.org/conda-forge/noarch/jupyter_client-8.6.3-pyhd8ed1ab_1.conda
  sha256: 19d8bd5bb2fde910ec59e081eeb59529491995ce0d653a5209366611023a0b3a
  md5: 4ebae00eae9705b0c3d6d1018a81d047
  depends:
  - importlib-metadata >=4.8.3
  - jupyter_core >=4.12,!=5.0.*
  - python >=3.9
  - python-dateutil >=2.8.2
  - pyzmq >=23.0
  - tornado >=6.2
  - traitlets >=5.3
  license: BSD-3-Clause
  license_family: BSD
  size: 106342
  timestamp: 1733441040958
- conda: https://conda.anaconda.org/conda-forge/noarch/jupyter_core-5.9.1-pyhc90fa1f_0.conda
  sha256: 1d34b80e5bfcd5323f104dbf99a2aafc0e5d823019d626d0dce5d3d356a2a52a
  md5: b38fe4e78ee75def7e599843ef4c1ab0
  depends:
  - __unix
  - python
  - platformdirs >=2.5
  - python >=3.10
  - traitlets >=5.3
  - python
  constrains:
  - pywin32 >=300
  license: BSD-3-Clause
  license_family: BSD
  size: 65503
  timestamp: 1760643864586
- conda: https://conda.anaconda.org/conda-forge/linux-64/keyutils-1.6.3-hb9d3cd8_0.conda
  sha256: 0960d06048a7185d3542d850986d807c6e37ca2e644342dd0c72feefcf26c2a4
  md5: b38117a3c920364aff79f870c984b4a3
  depends:
  - __glibc >=2.17,<3.0.a0
  - libgcc >=13
  license: LGPL-2.1-or-later
  size: 134088
  timestamp: 1754905959823
- conda: https://conda.anaconda.org/conda-forge/linux-64/krb5-1.21.3-h659f571_0.conda
  sha256: 99df692f7a8a5c27cd14b5fb1374ee55e756631b9c3d659ed3ee60830249b238
  md5: 3f43953b7d3fb3aaa1d0d0723d91e368
  depends:
  - keyutils >=1.6.1,<2.0a0
  - libedit >=3.1.20191231,<3.2.0a0
  - libedit >=3.1.20191231,<4.0a0
  - libgcc-ng >=12
  - libstdcxx-ng >=12
  - openssl >=3.3.1,<4.0a0
  license: MIT
  license_family: MIT
  size: 1370023
  timestamp: 1719463201255
- conda: https://conda.anaconda.org/conda-forge/linux-64/lcms2-2.17-h717163a_0.conda
  sha256: d6a61830a354da022eae93fa896d0991385a875c6bba53c82263a289deda9db8
  md5: 000e85703f0fd9594c81710dd5066471
  depends:
  - __glibc >=2.17,<3.0.a0
  - libgcc >=13
  - libjpeg-turbo >=3.0.0,<4.0a0
  - libtiff >=4.7.0,<4.8.0a0
  license: MIT
  license_family: MIT
  size: 248046
  timestamp: 1739160907615
- conda: https://conda.anaconda.org/conda-forge/linux-64/ld_impl_linux-64-2.44-h1aa0949_5.conda
  sha256: dab1fbf65abb05d3f2ee49dff90d60eeb2e02039fcb561343c7cea5dea523585
  md5: 511ed8935448c1875776b60ad3daf3a1
  depends:
  - __glibc >=2.17,<3.0.a0
  - zstd >=1.5.7,<1.6.0a0
  constrains:
  - binutils_impl_linux-64 2.44
  license: GPL-3.0-only
  size: 741516
  timestamp: 1762674665675
- conda: https://conda.anaconda.org/conda-forge/linux-64/lerc-4.0.0-h0aef613_1.conda
  sha256: 412381a43d5ff9bbed82cd52a0bbca5b90623f62e41007c9c42d3870c60945ff
  md5: 9344155d33912347b37f0ae6c410a835
  depends:
  - __glibc >=2.17,<3.0.a0
  - libgcc >=13
  - libstdcxx >=13
  license: Apache-2.0
  license_family: Apache
  size: 264243
  timestamp: 1745264221534
- conda: https://conda.anaconda.org/conda-forge/linux-64/libdeflate-1.25-h17f619e_0.conda
  sha256: aa8e8c4be9a2e81610ddf574e05b64ee131fab5e0e3693210c9d6d2fba32c680
  md5: 6c77a605a7a689d17d4819c0f8ac9a00
  depends:
  - __glibc >=2.17,<3.0.a0
  - libgcc >=14
  license: MIT
  license_family: MIT
  size: 73490
  timestamp: 1761979956660
- conda: https://conda.anaconda.org/conda-forge/linux-64/libedit-3.1.20250104-pl5321h7949ede_0.conda
  sha256: d789471216e7aba3c184cd054ed61ce3f6dac6f87a50ec69291b9297f8c18724
  md5: c277e0a4d549b03ac1e9d6cbbe3d017b
  depends:
  - ncurses
  - __glibc >=2.17,<3.0.a0
  - libgcc >=13
  - ncurses >=6.5,<7.0a0
  license: BSD-2-Clause
  license_family: BSD
  size: 134676
  timestamp: 1738479519902
- conda: https://conda.anaconda.org/conda-forge/linux-64/libexpat-2.7.1-hecca717_0.conda
  sha256: da2080da8f0288b95dd86765c801c6e166c4619b910b11f9a8446fb852438dc2
  md5: 4211416ecba1866fab0c6470986c22d6
  depends:
  - __glibc >=2.17,<3.0.a0
  - libgcc >=14
  constrains:
  - expat 2.7.1.*
  license: MIT
  license_family: MIT
  size: 74811
  timestamp: 1752719572741
- conda: https://conda.anaconda.org/conda-forge/linux-64/libffi-3.5.2-h9ec8514_0.conda
  sha256: 25cbdfa65580cfab1b8d15ee90b4c9f1e0d72128f1661449c9a999d341377d54
  md5: 35f29eec58405aaf55e01cb470d8c26a
  depends:
  - __glibc >=2.17,<3.0.a0
  - libgcc >=14
  license: MIT
  license_family: MIT
  size: 57821
  timestamp: 1760295480630
- conda: https://conda.anaconda.org/conda-forge/linux-64/libfreetype-2.14.1-ha770c72_0.conda
  sha256: 4641d37faeb97cf8a121efafd6afd040904d4bca8c46798122f417c31d5dfbec
  md5: f4084e4e6577797150f9b04a4560ceb0
  depends:
  - libfreetype6 >=2.14.1
  license: GPL-2.0-only OR FTL
  size: 7664
  timestamp: 1757945417134
- conda: https://conda.anaconda.org/conda-forge/linux-64/libfreetype6-2.14.1-h73754d4_0.conda
  sha256: 4a7af818a3179fafb6c91111752954e29d3a2a950259c14a2fc7ba40a8b03652
  md5: 8e7251989bca326a28f4a5ffbd74557a
  depends:
  - __glibc >=2.17,<3.0.a0
  - libgcc >=14
  - libpng >=1.6.50,<1.7.0a0
  - libzlib >=1.3.1,<2.0a0
  constrains:
  - freetype >=2.14.1
  license: GPL-2.0-only OR FTL
  size: 386739
  timestamp: 1757945416744
- conda: https://conda.anaconda.org/conda-forge/linux-64/libgcc-15.2.0-h767d61c_7.conda
  sha256: 08f9b87578ab981c7713e4e6a7d935e40766e10691732bba376d4964562bcb45
  md5: c0374badb3a5d4b1372db28d19462c53
  depends:
  - __glibc >=2.17,<3.0.a0
  - _openmp_mutex >=4.5
  constrains:
  - libgomp 15.2.0 h767d61c_7
  - libgcc-ng ==15.2.0=*_7
  license: GPL-3.0-only WITH GCC-exception-3.1
  license_family: GPL
  size: 822552
  timestamp: 1759968052178
- conda: https://conda.anaconda.org/conda-forge/linux-64/libgcc-ng-15.2.0-h69a702a_7.conda
  sha256: 2045066dd8e6e58aaf5ae2b722fb6dfdbb57c862b5f34ac7bfb58c40ef39b6ad
  md5: 280ea6eee9e2ddefde25ff799c4f0363
  depends:
  - libgcc 15.2.0 h767d61c_7
  license: GPL-3.0-only WITH GCC-exception-3.1
  license_family: GPL
  size: 29313
  timestamp: 1759968065504
- conda: https://conda.anaconda.org/conda-forge/linux-64/libgomp-15.2.0-h767d61c_7.conda
  sha256: e9fb1c258c8e66ee278397b5822692527c5f5786d372fe7a869b900853f3f5ca
  md5: f7b4d76975aac7e5d9e6ad13845f92fe
  depends:
  - __glibc >=2.17,<3.0.a0
  license: GPL-3.0-only WITH GCC-exception-3.1
  license_family: GPL
  size: 447919
  timestamp: 1759967942498
- conda: https://conda.anaconda.org/conda-forge/linux-64/libjpeg-turbo-3.1.2-hb03c661_0.conda
  sha256: cc9aba923eea0af8e30e0f94f2ad7156e2984d80d1e8e7fe6be5a1f257f0eb32
  md5: 8397539e3a0bbd1695584fb4f927485a
  depends:
  - __glibc >=2.17,<3.0.a0
  - libgcc >=14
  constrains:
  - jpeg <0.0.0a
  license: IJG AND BSD-3-Clause AND Zlib
  size: 633710
  timestamp: 1762094827865
- conda: https://conda.anaconda.org/conda-forge/linux-64/liblzma-5.8.1-hb9d3cd8_2.conda
  sha256: f2591c0069447bbe28d4d696b7fcb0c5bd0b4ac582769b89addbcf26fb3430d8
  md5: 1a580f7796c7bf6393fddb8bbbde58dc
  depends:
  - __glibc >=2.17,<3.0.a0
  - libgcc >=13
  constrains:
  - xz 5.8.1.*
  license: 0BSD
  size: 112894
  timestamp: 1749230047870
- conda: https://conda.anaconda.org/conda-forge/linux-64/libmpdec-4.0.0-hb9d3cd8_0.conda
  sha256: 3aa92d4074d4063f2a162cd8ecb45dccac93e543e565c01a787e16a43501f7ee
  md5: c7e925f37e3b40d893459e625f6a53f1
  depends:
  - __glibc >=2.17,<3.0.a0
  - libgcc >=13
  license: BSD-2-Clause
  license_family: BSD
  size: 91183
  timestamp: 1748393666725
- conda: https://conda.anaconda.org/conda-forge/linux-64/libpng-1.6.50-h421ea60_1.conda
  sha256: e75a2723000ce3a4b9fd9b9b9ce77553556c93e475a4657db6ed01abc02ea347
  md5: 7af8e91b0deb5f8e25d1a595dea79614
  depends:
  - libgcc >=14
  - __glibc >=2.17,<3.0.a0
  - libzlib >=1.3.1,<2.0a0
  license: zlib-acknowledgement
  size: 317390
  timestamp: 1753879899951
- conda: https://conda.anaconda.org/conda-forge/linux-64/libsodium-1.0.20-h4ab18f5_0.conda
  sha256: 0105bd108f19ea8e6a78d2d994a6d4a8db16d19a41212070d2d1d48a63c34161
  md5: a587892d3c13b6621a6091be690dbca2
  depends:
  - libgcc-ng >=12
  license: ISC
  size: 205978
  timestamp: 1716828628198
- conda: https://conda.anaconda.org/conda-forge/linux-64/libsqlite-3.51.0-hee844dc_0.conda
  sha256: 4c992dcd0e34b68f843e75406f7f303b1b97c248d18f3c7c330bdc0bc26ae0b3
  md5: 729a572a3ebb8c43933b30edcc628ceb
  depends:
  - __glibc >=2.17,<3.0.a0
  - icu >=75.1,<76.0a0
  - libgcc >=14
  - libzlib >=1.3.1,<2.0a0
  license: blessing
  size: 945576
  timestamp: 1762299687230
- conda: https://conda.anaconda.org/conda-forge/linux-64/libstdcxx-15.2.0-h8f9b012_7.conda
  sha256: 1b981647d9775e1cdeb2fab0a4dd9cd75a6b0de2963f6c3953dbd712f78334b3
  md5: 5b767048b1b3ee9a954b06f4084f93dc
  depends:
  - __glibc >=2.17,<3.0.a0
  - libgcc 15.2.0 h767d61c_7
  constrains:
  - libstdcxx-ng ==15.2.0=*_7
  license: GPL-3.0-only WITH GCC-exception-3.1
  license_family: GPL
  size: 3898269
  timestamp: 1759968103436
- conda: https://conda.anaconda.org/conda-forge/linux-64/libstdcxx-ng-15.2.0-h4852527_7.conda
  sha256: 024fd46ac3ea8032a5ec3ea7b91c4c235701a8bf0e6520fe5e6539992a6bd05f
  md5: f627678cf829bd70bccf141a19c3ad3e
  depends:
  - libstdcxx 15.2.0 h8f9b012_7
  license: GPL-3.0-only WITH GCC-exception-3.1
  license_family: GPL
  size: 29343
  timestamp: 1759968157195
- conda: https://conda.anaconda.org/conda-forge/linux-64/libtiff-4.7.1-h9d88235_1.conda
  sha256: e5f8c38625aa6d567809733ae04bb71c161a42e44a9fa8227abe61fa5c60ebe0
  md5: cd5a90476766d53e901500df9215e927
  depends:
  - __glibc >=2.17,<3.0.a0
  - lerc >=4.0.0,<5.0a0
  - libdeflate >=1.25,<1.26.0a0
  - libgcc >=14
  - libjpeg-turbo >=3.1.0,<4.0a0
  - liblzma >=5.8.1,<6.0a0
  - libstdcxx >=14
  - libwebp-base >=1.6.0,<2.0a0
  - libzlib >=1.3.1,<2.0a0
  - zstd >=1.5.7,<1.6.0a0
  license: HPND
  size: 435273
  timestamp: 1762022005702
- conda: https://conda.anaconda.org/conda-forge/linux-64/libuuid-2.41.2-he9a06e4_0.conda
  sha256: e5ec6d2ad7eef538ddcb9ea62ad4346fde70a4736342c4ad87bd713641eb9808
  md5: 80c07c68d2f6870250959dcc95b209d1
  depends:
  - __glibc >=2.17,<3.0.a0
  - libgcc >=14
  license: BSD-3-Clause
  license_family: BSD
  size: 37135
  timestamp: 1758626800002
- conda: https://conda.anaconda.org/conda-forge/linux-64/libwebp-base-1.6.0-hd42ef1d_0.conda
  sha256: 3aed21ab28eddffdaf7f804f49be7a7d701e8f0e46c856d801270b470820a37b
  md5: aea31d2e5b1091feca96fcfe945c3cf9
  depends:
  - __glibc >=2.17,<3.0.a0
  - libgcc >=14
  constrains:
  - libwebp 1.6.0
  license: BSD-3-Clause
  license_family: BSD
  size: 429011
  timestamp: 1752159441324
- conda: https://conda.anaconda.org/conda-forge/linux-64/libxcb-1.17.0-h8a09558_0.conda
  sha256: 666c0c431b23c6cec6e492840b176dde533d48b7e6fb8883f5071223433776aa
  md5: 92ed62436b625154323d40d5f2f11dd7
  depends:
  - __glibc >=2.17,<3.0.a0
  - libgcc >=13
  - pthread-stubs
  - xorg-libxau >=1.0.11,<2.0a0
  - xorg-libxdmcp
  license: MIT
  license_family: MIT
  size: 395888
  timestamp: 1727278577118
- conda: https://conda.anaconda.org/conda-forge/linux-64/libzlib-1.3.1-hb9d3cd8_2.conda
  sha256: d4bfe88d7cb447768e31650f06257995601f89076080e76df55e3112d4e47dc4
  md5: edb0dca6bc32e4f4789199455a1dbeb8
  depends:
  - __glibc >=2.17,<3.0.a0
  - libgcc >=13
  constrains:
  - zlib 1.3.1 *_2
  license: Zlib
  license_family: Other
  size: 60963
  timestamp: 1727963148474
- conda: https://conda.modular.com/max-nightly/noarch/mblack-25.7.0.dev2025111305-release.conda
  noarch: python
  sha256: ae60f19c7f47d221f67151b69f05f659e2175749bc1f6ea4ad84c039617f9623
  depends:
  - python >=3.10
  - click >=8.0.0
  - mypy_extensions >=0.4.3
  - packaging >=22.0
  - pathspec >=0.9.0
  - platformdirs >=2
  - tomli >=1.1.0
  - typing_extensions >=v4.12.2
  - python
  license: MIT
  size: 138122
  timestamp: 1763012414844
- conda: https://conda.modular.com/max-nightly/linux-64/mojo-0.25.7.0.dev2025111305-release.conda
  sha256: f0b7be485503c151e6e8f8a12bddbdd0d0512e1ccd2537fa3a4124b6acf878a6
  depends:
  - python >=3.10
  - mojo-compiler ==0.25.7.0.dev2025111305 release
  - mblack ==25.7.0.dev2025111305 release
  - jupyter_client >=8.6.2,<8.7
  license: LicenseRef-Modular-Proprietary
  size: 89043471
  timestamp: 1763012470440
- conda: https://conda.modular.com/max-nightly/linux-64/mojo-compiler-0.25.7.0.dev2025111305-release.conda
  sha256: dae7a98221fcadd82e36c9a8898b73287781b687869613026061a977fbb780c8
  depends:
  - mojo-python ==0.25.7.0.dev2025111305 release
  license: LicenseRef-Modular-Proprietary
  size: 88671519
  timestamp: 1763012470439
- conda: https://conda.modular.com/max-nightly/noarch/mojo-python-0.25.7.0.dev2025111305-release.conda
  noarch: python
  sha256: 68c6b0916b704042a607f4981c1c334ca08c3e8d9b3c8f194c2961d9fec53927
  depends:
  - python
  license: LicenseRef-Modular-Proprietary
  size: 24764
  timestamp: 1763012414843
- conda: https://conda.anaconda.org/conda-forge/noarch/mypy_extensions-1.1.0-pyha770c72_0.conda
  sha256: 6ed158e4e5dd8f6a10ad9e525631e35cee8557718f83de7a4e3966b1f772c4b1
  md5: e9c622e0d00fa24a6292279af3ab6d06
  depends:
  - python >=3.9
  license: MIT
  license_family: MIT
  size: 11766
  timestamp: 1745776666688
- conda: https://conda.anaconda.org/conda-forge/linux-64/ncurses-6.5-h2d0b736_3.conda
  sha256: 3fde293232fa3fca98635e1167de6b7c7fda83caf24b9d6c91ec9eefb4f4d586
  md5: 47e340acb35de30501a76c7c799c41d7
  depends:
  - __glibc >=2.17,<3.0.a0
  - libgcc >=13
  license: X11 AND BSD-3-Clause
  size: 891641
  timestamp: 1738195959188
- conda: https://conda.anaconda.org/conda-forge/linux-64/openjpeg-2.5.4-h55fea9a_0.conda
  sha256: 3900f9f2dbbf4129cf3ad6acf4e4b6f7101390b53843591c53b00f034343bc4d
  md5: 11b3379b191f63139e29c0d19dee24cd
  depends:
  - __glibc >=2.17,<3.0.a0
  - libgcc >=14
  - libpng >=1.6.50,<1.7.0a0
  - libstdcxx >=14
  - libtiff >=4.7.1,<4.8.0a0
  - libzlib >=1.3.1,<2.0a0
  license: BSD-2-Clause
  license_family: BSD
  size: 355400
  timestamp: 1758489294972
- conda: https://conda.anaconda.org/conda-forge/linux-64/openssl-3.6.0-h26f9b46_0.conda
  sha256: a47271202f4518a484956968335b2521409c8173e123ab381e775c358c67fe6d
  md5: 9ee58d5c534af06558933af3c845a780
  depends:
  - __glibc >=2.17,<3.0.a0
  - ca-certificates
  - libgcc >=14
  license: Apache-2.0
  license_family: Apache
  size: 3165399
  timestamp: 1762839186699
- conda: https://conda.anaconda.org/conda-forge/noarch/packaging-25.0-pyh29332c3_1.conda
  sha256: 289861ed0c13a15d7bbb408796af4de72c2fe67e2bcb0de98f4c3fce259d7991
  md5: 58335b26c38bf4a20f399384c33cbcf9
  depends:
  - python >=3.8
  - python
  license: Apache-2.0
  license_family: APACHE
  size: 62477
  timestamp: 1745345660407
- conda: https://conda.anaconda.org/conda-forge/noarch/pathspec-0.12.1-pyhd8ed1ab_1.conda
  sha256: 9f64009cdf5b8e529995f18e03665b03f5d07c0b17445b8badef45bde76249ee
  md5: 617f15191456cc6a13db418a275435e5
  depends:
  - python >=3.9
  license: MPL-2.0
  license_family: MOZILLA
  size: 41075
  timestamp: 1733233471940
- conda: https://conda.anaconda.org/conda-forge/linux-64/pillow-12.0.0-py314h72745e2_0.conda
  sha256: 1dec7a825154fce8705892a4cc178f8edfa78253c56de06000b409f6cfe2cea9
  md5: 47fdb59e9753d0af064c25247ab4f47c
  depends:
  - python
  - libgcc >=14
  - __glibc >=2.17,<3.0.a0
  - openjpeg >=2.5.4,<3.0a0
  - lcms2 >=2.17,<3.0a0
  - python_abi 3.14.* *_cp314
  - libjpeg-turbo >=3.1.0,<4.0a0
  - tk >=8.6.13,<8.7.0a0
  - libfreetype >=2.14.1
  - libfreetype6 >=2.14.1
  - libwebp-base >=1.6.0,<2.0a0
  - zlib-ng >=2.2.5,<2.3.0a0
  - libtiff >=4.7.1,<4.8.0a0
  - libxcb >=1.17.0,<2.0a0
  license: HPND
  size: 1071171
  timestamp: 1761655794835
- conda: https://conda.anaconda.org/conda-forge/noarch/platformdirs-4.5.0-pyhcf101f3_0.conda
  sha256: 7efd51b48d908de2d75cbb3c4a2e80dd9454e1c5bb8191b261af3136f7fa5888
  md5: 5c7a868f8241e64e1cf5fdf4962f23e2
  depends:
  - python >=3.10
  - python
  license: MIT
  license_family: MIT
  size: 23625
  timestamp: 1759953252315
- conda: https://conda.anaconda.org/conda-forge/linux-64/pthread-stubs-0.4-hb9d3cd8_1002.conda
  sha256: 9c88f8c64590e9567c6c80823f0328e58d3b1efb0e1c539c0315ceca764e0973
  md5: b3c17d95b5a10c6e64a21fa17573e70e
  depends:
  - __glibc >=2.17,<3.0.a0
  - libgcc >=13
  license: MIT
  license_family: MIT
  size: 8252
  timestamp: 1726802366959
- conda: https://conda.anaconda.org/conda-forge/linux-64/python-3.14.0-h32b2ec7_102_cp314.conda
  build_number: 102
  sha256: 76d750045b94fded676323bfd01975a26a474023635735773d0e4d80aaa72518
  md5: 0a19d2cc6eb15881889b0c6fa7d6a78d
  depends:
  - __glibc >=2.17,<3.0.a0
  - bzip2 >=1.0.8,<2.0a0
  - ld_impl_linux-64 >=2.36.1
  - libexpat >=2.7.1,<3.0a0
  - libffi >=3.5.2,<3.6.0a0
  - libgcc >=14
  - liblzma >=5.8.1,<6.0a0
  - libmpdec >=4.0.0,<5.0a0
  - libsqlite >=3.50.4,<4.0a0
  - libuuid >=2.41.2,<3.0a0
  - libzlib >=1.3.1,<2.0a0
  - ncurses >=6.5,<7.0a0
  - openssl >=3.5.4,<4.0a0
  - python_abi 3.14.* *_cp314
  - readline >=8.2,<9.0a0
  - tk >=8.6.13,<8.7.0a0
  - tzdata
  - zstd >=1.5.7,<1.6.0a0
  license: Python-2.0
  size: 36681389
  timestamp: 1761176838143
  python_site_packages_path: lib/python3.14/site-packages
- conda: https://conda.anaconda.org/conda-forge/noarch/python-dateutil-2.9.0.post0-pyhe01879c_2.conda
  sha256: d6a17ece93bbd5139e02d2bd7dbfa80bee1a4261dced63f65f679121686bf664
  md5: 5b8d21249ff20967101ffa321cab24e8
  depends:
  - python >=3.9
  - six >=1.5
  - python
  license: Apache-2.0
  license_family: APACHE
  size: 233310
  timestamp: 1751104122689
- conda: https://conda.anaconda.org/conda-forge/noarch/python-gil-3.14.0-h4df99d1_102.conda
  sha256: e68c9796fba0825ebc1338ceb94496683ab7d45dcd281b378ec2a56365d3c555
  md5: d152e423d80848fe95f0f4b43448030e
  depends:
  - cpython 3.14.0.*
  - python_abi * *_cp314
  license: Python-2.0
  size: 48968
  timestamp: 1761175555295
- conda: https://conda.anaconda.org/conda-forge/noarch/python_abi-3.14-8_cp314.conda
  build_number: 8
  sha256: ad6d2e9ac39751cc0529dd1566a26751a0bf2542adb0c232533d32e176e21db5
  md5: 0539938c55b6b1a59b560e843ad864a4
  constrains:
  - python 3.14.* *_cp314
  license: BSD-3-Clause
  license_family: BSD
  size: 6989
  timestamp: 1752805904792
- conda: https://conda.anaconda.org/conda-forge/linux-64/pyzmq-27.1.0-py312hfb55c3c_0.conda
  noarch: python
  sha256: a00a41b66c12d9c60e66b391e9a4832b7e28743348cf4b48b410b91927cd7819
  md5: 3399d43f564c905250c1aea268ebb935
  depends:
  - python
  - __glibc >=2.17,<3.0.a0
  - libstdcxx >=14
  - libgcc >=14
  - _python_abi3_support 1.*
  - cpython >=3.12
  - zeromq >=4.3.5,<4.4.0a0
  license: BSD-3-Clause
  license_family: BSD
  size: 212218
  timestamp: 1757387023399
- conda: https://conda.anaconda.org/conda-forge/linux-64/readline-8.2-h8c095d6_2.conda
  sha256: 2d6d0c026902561ed77cd646b5021aef2d4db22e57a5b0178dfc669231e06d2c
  md5: 283b96675859b20a825f8fa30f311446
  depends:
  - libgcc >=13
  - ncurses >=6.5,<7.0a0
  license: GPL-3.0-only
  license_family: GPL
  size: 282480
  timestamp: 1740379431762
- conda: https://conda.anaconda.org/conda-forge/noarch/six-1.17.0-pyhe01879c_1.conda
  sha256: 458227f759d5e3fcec5d9b7acce54e10c9e1f4f4b7ec978f3bfd54ce4ee9853d
  md5: 3339e3b65d58accf4ca4fb8748ab16b3
  depends:
  - python >=3.9
  - python
  license: MIT
  license_family: MIT
  size: 18455
  timestamp: 1753199211006
- conda: https://conda.anaconda.org/conda-forge/linux-64/tk-8.6.13-noxft_ha0e22de_103.conda
  sha256: 1544760538a40bcd8ace2b1d8ebe3eb5807ac268641f8acdc18c69c5ebfeaf64
  md5: 86bc20552bf46075e3d92b67f089172d
  depends:
  - __glibc >=2.17,<3.0.a0
  - libgcc >=13
  - libzlib >=1.3.1,<2.0a0
  constrains:
  - xorg-libx11 >=1.8.12,<2.0a0
  license: TCL
  license_family: BSD
  size: 3284905
  timestamp: 1763054914403
- conda: https://conda.anaconda.org/conda-forge/noarch/tomli-2.3.0-pyhcf101f3_0.conda
  sha256: cb77c660b646c00a48ef942a9e1721ee46e90230c7c570cdeb5a893b5cce9bff
  md5: d2732eb636c264dc9aa4cbee404b1a53
  depends:
  - python >=3.10
  - python
  license: MIT
  license_family: MIT
  size: 20973
  timestamp: 1760014679845
- conda: https://conda.anaconda.org/conda-forge/linux-64/tornado-6.5.2-py314h5bd0f2a_2.conda
  sha256: a4482fff049ad4e2907969b2c11242b712b33cdad9bbf88122a705e179af04da
  md5: 972071a83bc345cb2a13c2c5b662ff5b
  depends:
  - __glibc >=2.17,<3.0.a0
  - libgcc >=14
  - python >=3.14,<3.15.0a0
  - python_abi 3.14.* *_cp314
  license: Apache-2.0
  license_family: Apache
  size: 902474
  timestamp: 1762506844640
- conda: https://conda.anaconda.org/conda-forge/noarch/traitlets-5.14.3-pyhd8ed1ab_1.conda
  sha256: f39a5620c6e8e9e98357507262a7869de2ae8cc07da8b7f84e517c9fd6c2b959
  md5: 019a7385be9af33791c989871317e1ed
  depends:
  - python >=3.9
  license: BSD-3-Clause
  license_family: BSD
  size: 110051
  timestamp: 1733367480074
- conda: https://conda.anaconda.org/conda-forge/noarch/typing_extensions-4.15.0-pyhcf101f3_0.conda
  sha256: 032271135bca55aeb156cee361c81350c6f3fb203f57d024d7e5a1fc9ef18731
  md5: 0caa1af407ecff61170c9437a808404d
  depends:
  - python >=3.10
  - python
  license: PSF-2.0
  license_family: PSF
  size: 51692
  timestamp: 1756220668932
- conda: https://conda.anaconda.org/conda-forge/noarch/tzdata-2025b-h78e105d_0.conda
  sha256: 5aaa366385d716557e365f0a4e9c3fca43ba196872abbbe3d56bb610d131e192
  md5: 4222072737ccff51314b5ece9c7d6f5a
  license: LicenseRef-Public-Domain
  size: 122968
  timestamp: 1742727099393
- conda: https://conda.anaconda.org/conda-forge/linux-64/xorg-libxau-1.0.12-hb03c661_1.conda
  sha256: 6bc6ab7a90a5d8ac94c7e300cc10beb0500eeba4b99822768ca2f2ef356f731b
  md5: b2895afaf55bf96a8c8282a2e47a5de0
  depends:
  - __glibc >=2.17,<3.0.a0
  - libgcc >=14
  license: MIT
  license_family: MIT
  size: 15321
  timestamp: 1762976464266
- conda: https://conda.anaconda.org/conda-forge/linux-64/xorg-libxdmcp-1.1.5-hb03c661_1.conda
  sha256: 25d255fb2eef929d21ff660a0c687d38a6d2ccfbcbf0cc6aa738b12af6e9d142
  md5: 1dafce8548e38671bea82e3f5c6ce22f
  depends:
  - __glibc >=2.17,<3.0.a0
  - libgcc >=14
  license: MIT
  license_family: MIT
  size: 20591
  timestamp: 1762976546182
- conda: https://conda.anaconda.org/conda-forge/linux-64/zeromq-4.3.5-h387f397_9.conda
  sha256: 47cfe31255b91b4a6fa0e9dbaf26baa60ac97e033402dbc8b90ba5fee5ffe184
  md5: 8035e5b54c08429354d5d64027041cad
  depends:
  - libstdcxx >=14
  - libgcc >=14
  - __glibc >=2.17,<3.0.a0
  - libgcc >=14
  - libsodium >=1.0.20,<1.0.21.0a0
  - krb5 >=1.21.3,<1.22.0a0
  license: MPL-2.0
  license_family: MOZILLA
  size: 310648
  timestamp: 1757370847287
- conda: https://conda.anaconda.org/conda-forge/noarch/zipp-3.23.0-pyhd8ed1ab_0.conda
  sha256: 7560d21e1b021fd40b65bfb72f67945a3fcb83d78ad7ccf37b8b3165ec3b68ad
  md5: df5e78d904988eb55042c0c97446079f
  depends:
  - python >=3.9
  license: MIT
  license_family: MIT
  size: 22963
  timestamp: 1749421737203
- conda: https://conda.anaconda.org/conda-forge/linux-64/zlib-ng-2.2.5-hde8ca8f_0.conda
  sha256: 3a8e7798deafd0722b6b5da50c36b7f361a80b30165d600f7760d569a162ff95
  md5: 1920c3502e7f6688d650ab81cd3775fd
  depends:
  - __glibc >=2.17,<3.0.a0
  - libgcc >=14
  - libstdcxx >=14
  license: Zlib
  license_family: Other
  size: 110843
  timestamp: 1754587144298
- conda: https://conda.anaconda.org/conda-forge/linux-64/zstd-1.5.7-hb8e6e7a_2.conda
  sha256: a4166e3d8ff4e35932510aaff7aa90772f84b4d07e9f6f83c614cba7ceefe0eb
  md5: 6432cb5d4ac0046c3ac0a8a0f95842f9
  depends:
  - __glibc >=2.17,<3.0.a0
  - libgcc >=13
  - libstdcxx >=13
  - libzlib >=1.3.1,<2.0a0
  license: BSD-3-Clause
  license_family: BSD
  size: 567578
  timestamp: 1742433379869
